
Microsoft Visual Studio Solution File, Format Version 12.00
# Visual Studio Version 17
VisualStudioVersion = 17.13.35825.156
MinimumVisualStudioVersion = 10.0.40219.1
Project("{8BC9CEB8-8B4A-11D0-8D11-00A0C91BC942}") = "stocks.console", "stocks.console\stocks.console.vcxproj", "{402C4011-BDE7-4667-A1D2-390694CCC965}"
EndProject
Project("{8BC9CEB8-8B4A-11D0-8D11-00A0C91BC942}") = "stock.console.unittest", "stock.console.unittest\stock.console.unittest.vcxproj", "{6B9688EE-F5A3-1CA6-2CE5-955CA7752650}"
EndProject
Project("{8BC9CEB8-8B4A-11D0-8D11-00A0C91BC942}") = "stocks.console.strategy", "stocks.console.strategy\stocks.console.strategy.vcxproj", "{7614C97D-DE88-4898-A4EC-43B46E8849FE}"
EndProject
Project("{8BC9CEB8-8B4A-11D0-8D11-00A0C91BC942}") = "stocks.console.indicator", "stocks.console.indicator\stocks.console.indicator.vcxproj", "{BE4B9AF2-68A2-409A-8758-038937AD95A4}"
EndProject
Project("{8BC9CEB8-8B4A-11D0-8D11-00A0C91BC942}") = "stocks.console.api", "stocks.console.api\stocks.console.api.vcxproj", "{0FA22AEA-CD4A-48C9-8A62-16ECAAD8406D}"
EndProject
Project("{8BC9CEB8-8B4A-11D0-8D11-00A0C91BC942}") = "stocks.console.utilities", "stocks.console.utilities\stocks.console.utilities.vcxproj", "{E53D28E9-2320-4E8A-87D2-5786DEFAF1DE}"
EndProject
Project("{8BC9CEB8-8B4A-11D0-8D11-00A0C91BC942}") = "stocks.test", "tests\stocks.test\stocks.test.vcxproj", "{B547E71F-31B9-462B-8352-838D64E860DD}"
EndProject
Project("{2150E333-8FDC-42A3-9474-1A3956D46DE8}") = "tests", "tests", "{02EA681E-C7D8-13C7-8484-4AC65E1B71E8}"
EndProject
Project("{2150E333-8FDC-42A3-9474-1A3956D46DE8}") = "google_tests", "google_tests", "{07F8EAF2-4377-4B1C-A904-06A6B4416C47}"
	ProjectSection(SolutionItems) = preProject
		test22.cpp = test22.cpp
	EndProjectSection
EndProject
Project("{2150E333-8FDC-42A3-9474-1A3956D46DE8}") = "stocks.test", "stocks.test", "{436F9CD9-2078-493E-81D5-C149E1005581}"
	ProjectSection(SolutionItems) = preProject
		RSITest.cpp = RSITest.cpp
	EndProjectSection
EndProject
Global
	GlobalSection(SolutionConfigurationPlatforms) = preSolution
		Debug|x64 = Debug|x64
		Debug|x86 = Debug|x86
		Release|x64 = Release|x64
		Release|x86 = Release|x86
	EndGlobalSection
	GlobalSection(ProjectConfigurationPlatforms) = postSolution
		{402C4011-BDE7-4667-A1D2-390694CCC965}.Debug|x64.ActiveCfg = Debug|x64
		{402C4011-BDE7-4667-A1D2-390694CCC965}.Debug|x64.Build.0 = Debug|x64
		{402C4011-BDE7-4667-A1D2-390694CCC965}.Debug|x86.ActiveCfg = Debug|Win32
		{402C4011-BDE7-4667-A1D2-390694CCC965}.Debug|x86.Build.0 = Debug|Win32
		{402C4011-BDE7-4667-A1D2-390694CCC965}.Release|x64.ActiveCfg = Release|x64
		{402C4011-BDE7-4667-A1D2-390694CCC965}.Release|x64.Build.0 = Release|x64
		{402C4011-BDE7-4667-A1D2-390694CCC965}.Release|x86.ActiveCfg = Release|Win32
		{402C4011-BDE7-4667-A1D2-390694CCC965}.Release|x86.Build.0 = Release|Win32
		{6B9688EE-F5A3-1CA6-2CE5-955CA7752650}.Debug|x64.ActiveCfg = Debug|x64
		{6B9688EE-F5A3-1CA6-2CE5-955CA7752650}.Debug|x64.Build.0 = Debug|x64
		{6B9688EE-F5A3-1CA6-2CE5-955CA7752650}.Debug|x86.ActiveCfg = Debug|Win32
		{6B9688EE-F5A3-1CA6-2CE5-955CA7752650}.Debug|x86.Build.0 = Debug|Win32
		{6B9688EE-F5A3-1CA6-2CE5-955CA7752650}.Release|x64.ActiveCfg = Release|x64
		{6B9688EE-F5A3-1CA6-2CE5-955CA7752650}.Release|x64.Build.0 = Release|x64
		{6B9688EE-F5A3-1CA6-2CE5-955CA7752650}.Release|x86.ActiveCfg = Release|Win32
		{6B9688EE-F5A3-1CA6-2CE5-955CA7752650}.Release|x86.Build.0 = Release|Win32
		{7614C97D-DE88-4898-A4EC-43B46E8849FE}.Debug|x64.ActiveCfg = Debug|x64
		{7614C97D-DE88-4898-A4EC-43B46E8849FE}.Debug|x64.Build.0 = Debug|x64
		{7614C97D-DE88-4898-A4EC-43B46E8849FE}.Debug|x86.ActiveCfg = Debug|Win32
		{7614C97D-DE88-4898-A4EC-43B46E8849FE}.Debug|x86.Build.0 = Debug|Win32
		{7614C97D-DE88-4898-A4EC-43B46E8849FE}.Release|x64.ActiveCfg = Release|x64
		{7614C97D-DE88-4898-A4EC-43B46E8849FE}.Release|x64.Build.0 = Release|x64
		{7614C97D-DE88-4898-A4EC-43B46E8849FE}.Release|x86.ActiveCfg = Release|Win32
		{7614C97D-DE88-4898-A4EC-43B46E8849FE}.Release|x86.Build.0 = Release|Win32
		{BE4B9AF2-68A2-409A-8758-038937AD95A4}.Debug|x64.ActiveCfg = Debug|x64
		{BE4B9AF2-68A2-409A-8758-038937AD95A4}.Debug|x64.Build.0 = Debug|x64
		{BE4B9AF2-68A2-409A-8758-038937AD95A4}.Debug|x86.ActiveCfg = Debug|Win32
		{BE4B9AF2-68A2-409A-8758-038937AD95A4}.Debug|x86.Build.0 = Debug|Win32
		{BE4B9AF2-68A2-409A-8758-038937AD95A4}.Release|x64.ActiveCfg = Release|x64
		{BE4B9AF2-68A2-409A-8758-038937AD95A4}.Release|x64.Build.0 = Release|x64
		{BE4B9AF2-68A2-409A-8758-038937AD95A4}.Release|x86.ActiveCfg = Release|Win32
		{BE4B9AF2-68A2-409A-8758-038937AD95A4}.Release|x86.Build.0 = Release|Win32
		{0FA22AEA-CD4A-48C9-8A62-16ECAAD8406D}.Debug|x64.ActiveCfg = Debug|x64
		{0FA22AEA-CD4A-48C9-8A62-16ECAAD8406D}.Debug|x64.Build.0 = Debug|x64
		{0FA22AEA-CD4A-48C9-8A62-16ECAAD8406D}.Debug|x86.ActiveCfg = Debug|Win32
		{0FA22AEA-CD4A-48C9-8A62-16ECAAD8406D}.Debug|x86.Build.0 = Debug|Win32
		{0FA22AEA-CD4A-48C9-8A62-16ECAAD8406D}.Release|x64.ActiveCfg = Release|x64
		{0FA22AEA-CD4A-48C9-8A62-16ECAAD8406D}.Release|x64.Build.0 = Release|x64
		{0FA22AEA-CD4A-48C9-8A62-16ECAAD8406D}.Release|x86.ActiveCfg = Release|Win32
		{0FA22AEA-CD4A-48C9-8A62-16ECAAD8406D}.Release|x86.Build.0 = Release|Win32
		{E53D28E9-2320-4E8A-87D2-5786DEFAF1DE}.Debug|x64.ActiveCfg = Debug|x64
		{E53D28E9-2320-4E8A-87D2-5786DEFAF1DE}.Debug|x64.Build.0 = Debug|x64
		{E53D28E9-2320-4E8A-87D2-5786DEFAF1DE}.Debug|x86.ActiveCfg = Debug|Win32
		{E53D28E9-2320-4E8A-87D2-5786DEFAF1DE}.Debug|x86.Build.0 = Debug|Win32
		{E53D28E9-2320-4E8A-87D2-5786DEFAF1DE}.Release|x64.ActiveCfg = Release|x64
		{E53D28E9-2320-4E8A-87D2-5786DEFAF1DE}.Release|x64.Build.0 = Release|x64
		{E53D28E9-2320-4E8A-87D2-5786DEFAF1DE}.Release|x86.ActiveCfg = Release|Win32
		{E53D28E9-2320-4E8A-87D2-5786DEFAF1DE}.Release|x86.Build.0 = Release|Win32
		{B547E71F-31B9-462B-8352-838D64E860DD}.Debug|x64.ActiveCfg = Debug|x64
		{B547E71F-31B9-462B-8352-838D64E860DD}.Debug|x64.Build.0 = Debug|x64
		{B547E71F-31B9-462B-8352-838D64E860DD}.Debug|x86.ActiveCfg = Debug|Win32
		{B547E71F-31B9-462B-8352-838D64E860DD}.Debug|x86.Build.0 = Debug|Win32
		{B547E71F-31B9-462B-8352-838D64E860DD}.Release|x64.ActiveCfg = Release|x64
		{B547E71F-31B9-462B-8352-838D64E860DD}.Release|x64.Build.0 = Release|x64
		{B547E71F-31B9-462B-8352-838D64E860DD}.Release|x86.ActiveCfg = Release|Win32
		{B547E71F-31B9-462B-8352-838D64E860DD}.Release|x86.Build.0 = Release|Win32
	EndGlobalSection
	GlobalSection(SolutionProperties) = preSolution
		HideSolutionNode = FALSE
	EndGlobalSection
	GlobalSection(NestedProjects) = preSolution
		{07F8EAF2-4377-4B1C-A904-06A6B4416C47} = {02EA681E-C7D8-13C7-8484-4AC65E1B71E8}
		{436F9CD9-2078-493E-81D5-C149E1005581} = {02EA681E-C7D8-13C7-8484-4AC65E1B71E8}
	EndGlobalSection
	GlobalSection(ExtensibilityGlobals) = postSolution
		SolutionGuid = {C1120BB6-1838-466D-AF8D-836F2E233214}
	EndGlobalSection
EndGlobal
